
Microsoft Visual Studio Solution File, Format Version 12.00
# Visual Studio 2012
Project("{FAE04EC0-301F-11D3-BF4B-00C04F79EFBC}") = "EarlyDeath", "EarlyDeath.csproj", "{DDBDF5CF-1A8D-4340-A4BD-0A3C5336C9D9}"
EndProject
Global
	GlobalSection(SolutionConfigurationPlatforms) = preSolution
		Debug|Any CPU = Debug|Any CPU
		Release|Any CPU = Release|Any CPU
	EndGlobalSection
	GlobalSection(ProjectConfigurationPlatforms) = postSolution
		{DDBDF5CF-1A8D-4340-A4BD-0A3C5336C9D9}.Debug|Any CPU.ActiveCfg = Debug|Any CPU
		{DDBDF5CF-1A8D-4340-A4BD-0A3C5336C9D9}.Debug|Any CPU.Build.0 = Debug|Any CPU
		{DDBDF5CF-1A8D-4340-A4BD-0A3C5336C9D9}.Release|Any CPU.ActiveCfg = Release|Any CPU
		{DDBDF5CF-1A8D-4340-A4BD-0A3C5336C9D9}.Release|Any CPU.Build.0 = Release|Any CPU
	EndGlobalSection
	GlobalSection(MonoDevelopProperties) = preSolution
		Policies = $0
		$0.TextStylePolicy = $1
		$1.FileWidth = 120
		$1.inheritsSet = VisualStudio
		$1.inheritsScope = text/plain
		$1.scope = text/plain
	EndGlobalSection
EndGlobal
